// !$*UTF8*$!
{
	archiveVersion = 1;
	classes = {
	};
	objectVersion = 56;
	objects = {

/* Begin PBXBuildFile section */
		F3799BF62BDC57F500B9AF12 /* keptVocaApp.swift in Sources */ = {isa = PBXBuildFile; fileRef = F3799BF52BDC57F500B9AF12 /* keptVocaApp.swift */; };
		F3799BF82BDC57F500B9AF12 /* ContentView.swift in Sources */ = {isa = PBXBuildFile; fileRef = F3799BF72BDC57F500B9AF12 /* ContentView.swift */; };
		F3799BFA2BDC57F500B9AF12 /* Item.swift in Sources */ = {isa = PBXBuildFile; fileRef = F3799BF92BDC57F500B9AF12 /* Item.swift */; };
		F3799BFC2BDC57F700B9AF12 /* Assets.xcassets in Resources */ = {isa = PBXBuildFile; fileRef = F3799BFB2BDC57F700B9AF12 /* Assets.xcassets */; };
		F3799C002BDC57F700B9AF12 /* Preview Assets.xcassets in Resources */ = {isa = PBXBuildFile; fileRef = F3799BFF2BDC57F700B9AF12 /* Preview Assets.xcassets */; };
		F3799C0A2BDC57F800B9AF12 /* keptVocaTests.swift in Sources */ = {isa = PBXBuildFile; fileRef = F3799C092BDC57F800B9AF12 /* keptVocaTests.swift */; };
		F3799C142BDC57F800B9AF12 /* keptVocaUITests.swift in Sources */ = {isa = PBXBuildFile; fileRef = F3799C132BDC57F800B9AF12 /* keptVocaUITests.swift */; };
		F3799C162BDC57F800B9AF12 /* keptVocaUITestsLaunchTests.swift in Sources */ = {isa = PBXBuildFile; fileRef = F3799C152BDC57F800B9AF12 /* keptVocaUITestsLaunchTests.swift */; };
/* End PBXBuildFile section */

/* Begin PBXContainerItemProxy section */
		F3799C062BDC57F800B9AF12 /* PBXContainerItemProxy */ = {
			isa = PBXContainerItemProxy;
			containerPortal = F3799BEA2BDC57F500B9AF12 /* Project object */;
			proxyType = 1;
			remoteGlobalIDString = F3799BF12BDC57F500B9AF12;
			remoteInfo = keptVoca;
		};
		F3799C102BDC57F800B9AF12 /* PBXContainerItemProxy */ = {
			isa = PBXContainerItemProxy;
			containerPortal = F3799BEA2BDC57F500B9AF12 /* Project object */;
			proxyType = 1;
			remoteGlobalIDString = F3799BF12BDC57F500B9AF12;
			remoteInfo = keptVoca;
		};
/* End PBXContainerItemProxy section */

/* Begin PBXFileReference section */
		F3799BF22BDC57F500B9AF12 /* keptVoca.app */ = {isa = PBXFileReference; explicitFileType = wrapper.application; includeInIndex = 0; path = keptVoca.app; sourceTree = BUILT_PRODUCTS_DIR; };
		F3799BF52BDC57F500B9AF12 /* keptVocaApp.swift */ = {isa = PBXFileReference; lastKnownFileType = sourcecode.swift; path = keptVocaApp.swift; sourceTree = "<group>"; };
		F3799BF72BDC57F500B9AF12 /* ContentView.swift */ = {isa = PBXFileReference; lastKnownFileType = sourcecode.swift; path = ContentView.swift; sourceTree = "<group>"; };
		F3799BF92BDC57F500B9AF12 /* Item.swift */ = {isa = PBXFileReference; lastKnownFileType = sourcecode.swift; path = Item.swift; sourceTree = "<group>"; };
		F3799BFB2BDC57F700B9AF12 /* Assets.xcassets */ = {isa = PBXFileReference; lastKnownFileType = folder.assetcatalog; path = Assets.xcassets; sourceTree = "<group>"; };
		F3799BFD2BDC57F700B9AF12 /* keptVoca.entitlements */ = {isa = PBXFileReference; lastKnownFileType = text.plist.entitlements; path = keptVoca.entitlements; sourceTree = "<group>"; };
		F3799BFF2BDC57F700B9AF12 /* Preview Assets.xcassets */ = {isa = PBXFileReference; lastKnownFileType = folder.assetcatalog; path = "Preview Assets.xcassets"; sourceTree = "<group>"; };
		F3799C052BDC57F800B9AF12 /* keptVocaTests.xctest */ = {isa = PBXFileReference; explicitFileType = wrapper.cfbundle; includeInIndex = 0; path = keptVocaTests.xctest; sourceTree = BUILT_PRODUCTS_DIR; };
		F3799C092BDC57F800B9AF12 /* keptVocaTests.swift */ = {isa = PBXFileReference; lastKnownFileType = sourcecode.swift; path = keptVocaTests.swift; sourceTree = "<group>"; };
		F3799C0F2BDC57F800B9AF12 /* keptVocaUITests.xctest */ = {isa = PBXFileReference; explicitFileType = wrapper.cfbundle; includeInIndex = 0; path = keptVocaUITests.xctest; sourceTree = BUILT_PRODUCTS_DIR; };
		F3799C132BDC57F800B9AF12 /* keptVocaUITests.swift */ = {isa = PBXFileReference; lastKnownFileType = sourcecode.swift; path = keptVocaUITests.swift; sourceTree = "<group>"; };
		F3799C152BDC57F800B9AF12 /* keptVocaUITestsLaunchTests.swift */ = {isa = PBXFileReference; lastKnownFileType = sourcecode.swift; path = keptVocaUITestsLaunchTests.swift; sourceTree = "<group>"; };
/* End PBXFileReference section */

/* Begin PBXFrameworksBuildPhase section */
		F3799BEF2BDC57F500B9AF12 /* Frameworks */ = {
			isa = PBXFrameworksBuildPhase;
			buildActionMask = 2147483647;
			files = (
			);
			runOnlyForDeploymentPostprocessing = 0;
		};
		F3799C022BDC57F800B9AF12 /* Frameworks */ = {
			isa = PBXFrameworksBuildPhase;
			buildActionMask = 2147483647;
			files = (
			);
			runOnlyForDeploymentPostprocessing = 0;
		};
		F3799C0C2BDC57F800B9AF12 /* Frameworks */ = {
			isa = PBXFrameworksBuildPhase;
			buildActionMask = 2147483647;
			files = (
			);
			runOnlyForDeploymentPostprocessing = 0;
		};
/* End PBXFrameworksBuildPhase section */

/* Begin PBXGroup section */
		F3799BE92BDC57F500B9AF12 = {
			isa = PBXGroup;
			children = (
				F3799BF42BDC57F500B9AF12 /* keptVoca */,
				F3799C082BDC57F800B9AF12 /* keptVocaTests */,
				F3799C122BDC57F800B9AF12 /* keptVocaUITests */,
				F3799BF32BDC57F500B9AF12 /* Products */,
			);
			sourceTree = "<group>";
		};
		F3799BF32BDC57F500B9AF12 /* Products */ = {
			isa = PBXGroup;
			children = (
				F3799BF22BDC57F500B9AF12 /* keptVoca.app */,
				F3799C052BDC57F800B9AF12 /* keptVocaTests.xctest */,
				F3799C0F2BDC57F800B9AF12 /* keptVocaUITests.xctest */,
			);
			name = Products;
			sourceTree = "<group>";
		};
		F3799BF42BDC57F500B9AF12 /* keptVoca */ = {
			isa = PBXGroup;
			children = (
				F3799BF52BDC57F500B9AF12 /* keptVocaApp.swift */,
				F3799BF72BDC57F500B9AF12 /* ContentView.swift */,
				F3799BF92BDC57F500B9AF12 /* Item.swift */,
				F3799BFB2BDC57F700B9AF12 /* Assets.xcassets */,
				F3799BFD2BDC57F700B9AF12 /* keptVoca.entitlements */,
				F3799BFE2BDC57F700B9AF12 /* Preview Content */,
			);
			path = keptVoca;
			sourceTree = "<group>";
		};
		F3799BFE2BDC57F700B9AF12 /* Preview Content */ = {
			isa = PBXGroup;
			children = (
				F3799BFF2BDC57F700B9AF12 /* Preview Assets.xcassets */,
			);
			path = "Preview Content";
			sourceTree = "<group>";
		};
		F3799C082BDC57F800B9AF12 /* keptVocaTests */ = {
			isa = PBXGroup;
			children = (
				F3799C092BDC57F800B9AF12 /* keptVocaTests.swift */,
			);
			path = keptVocaTests;
			sourceTree = "<group>";
		};
		F3799C122BDC57F800B9AF12 /* keptVocaUITests */ = {
			isa = PBXGroup;
			children = (
				F3799C132BDC57F800B9AF12 /* keptVocaUITests.swift */,
				F3799C152BDC57F800B9AF12 /* keptVocaUITestsLaunchTests.swift */,
			);
			path = keptVocaUITests;
			sourceTree = "<group>";
		};
/* End PBXGroup section */

/* Begin PBXNativeTarget section */
		F3799BF12BDC57F500B9AF12 /* keptVoca */ = {
			isa = PBXNativeTarget;
			buildConfigurationList = F3799C192BDC57F800B9AF12 /* Build configuration list for PBXNativeTarget "keptVoca" */;
			buildPhases = (
				F3799BEE2BDC57F500B9AF12 /* Sources */,
				F3799BEF2BDC57F500B9AF12 /* Frameworks */,
				F3799BF02BDC57F500B9AF12 /* Resources */,
			);
			buildRules = (
			);
			dependencies = (
			);
			name = keptVoca;
			productName = keptVoca;
			productReference = F3799BF22BDC57F500B9AF12 /* keptVoca.app */;
			productType = "com.apple.product-type.application";
		};
		F3799C042BDC57F800B9AF12 /* keptVocaTests */ = {
			isa = PBXNativeTarget;
			buildConfigurationList = F3799C1C2BDC57F800B9AF12 /* Build configuration list for PBXNativeTarget "keptVocaTests" */;
			buildPhases = (
				F3799C012BDC57F800B9AF12 /* Sources */,
				F3799C022BDC57F800B9AF12 /* Frameworks */,
				F3799C032BDC57F800B9AF12 /* Resources */,
			);
			buildRules = (
			);
			dependencies = (
				F3799C072BDC57F800B9AF12 /* PBXTargetDependency */,
			);
			name = keptVocaTests;
			productName = keptVocaTests;
			productReference = F3799C052BDC57F800B9AF12 /* keptVocaTests.xctest */;
			productType = "com.apple.product-type.bundle.unit-test";
		};
		F3799C0E2BDC57F800B9AF12 /* keptVocaUITests */ = {
			isa = PBXNativeTarget;
			buildConfigurationList = F3799C1F2BDC57F800B9AF12 /* Build configuration list for PBXNativeTarget "keptVocaUITests" */;
			buildPhases = (
				F3799C0B2BDC57F800B9AF12 /* Sources */,
				F3799C0C2BDC57F800B9AF12 /* Frameworks */,
				F3799C0D2BDC57F800B9AF12 /* Resources */,
			);
			buildRules = (
			);
			dependencies = (
				F3799C112BDC57F800B9AF12 /* PBXTargetDependency */,
			);
			name = keptVocaUITests;
			productName = keptVocaUITests;
			productReference = F3799C0F2BDC57F800B9AF12 /* keptVocaUITests.xctest */;
			productType = "com.apple.product-type.bundle.ui-testing";
		};
/* End PBXNativeTarget section */

/* Begin PBXProject section */
		F3799BEA2BDC57F500B9AF12 /* Project object */ = {
			isa = PBXProject;
			attributes = {
				BuildIndependentTargetsInParallel = 1;
				LastSwiftUpdateCheck = 1530;
				LastUpgradeCheck = 1530;
				TargetAttributes = {
					F3799BF12BDC57F500B9AF12 = {
						CreatedOnToolsVersion = 15.3;
					};
					F3799C042BDC57F800B9AF12 = {
						CreatedOnToolsVersion = 15.3;
						TestTargetID = F3799BF12BDC57F500B9AF12;
					};
					F3799C0E2BDC57F800B9AF12 = {
						CreatedOnToolsVersion = 15.3;
						TestTargetID = F3799BF12BDC57F500B9AF12;
					};
				};
			};
			buildConfigurationList = F3799BED2BDC57F500B9AF12 /* Build configuration list for PBXProject "keptVoca" */;
			compatibilityVersion = "Xcode 14.0";
			developmentRegion = en;
			hasScannedForEncodings = 0;
			knownRegions = (
				en,
				Base,
			);
			mainGroup = F3799BE92BDC57F500B9AF12;
			productRefGroup = F3799BF32BDC57F500B9AF12 /* Products */;
			projectDirPath = "";
			projectRoot = "";
			targets = (
				F3799BF12BDC57F500B9AF12 /* keptVoca */,
				F3799C042BDC57F800B9AF12 /* keptVocaTests */,
				F3799C0E2BDC57F800B9AF12 /* keptVocaUITests */,
			);
		};
/* End PBXProject section */

/* Begin PBXResourcesBuildPhase section */
		F3799BF02BDC57F500B9AF12 /* Resources */ = {
			isa = PBXResourcesBuildPhase;
			buildActionMask = 2147483647;
			files = (
				F3799C002BDC57F700B9AF12 /* Preview Assets.xcassets in Resources */,
				F3799BFC2BDC57F700B9AF12 /* Assets.xcassets in Resources */,
			);
			runOnlyForDeploymentPostprocessing = 0;
		};
		F3799C032BDC57F800B9AF12 /* Resources */ = {
			isa = PBXResourcesBuildPhase;
			buildActionMask = 2147483647;
			files = (
			);
			runOnlyForDeploymentPostprocessing = 0;
		};
		F3799C0D2BDC57F800B9AF12 /* Resources */ = {
			isa = PBXResourcesBuildPhase;
			buildActionMask = 2147483647;
			files = (
			);
			runOnlyForDeploymentPostprocessing = 0;
		};
/* End PBXResourcesBuildPhase section */

/* Begin PBXSourcesBuildPhase section */
		F3799BEE2BDC57F500B9AF12 /* Sources */ = {
			isa = PBXSourcesBuildPhase;
			buildActionMask = 2147483647;
			files = (
				F3799BF82BDC57F500B9AF12 /* ContentView.swift in Sources */,
				F3799BFA2BDC57F500B9AF12 /* Item.swift in Sources */,
				F3799BF62BDC57F500B9AF12 /* keptVocaApp.swift in Sources */,
			);
			runOnlyForDeploymentPostprocessing = 0;
		};
		F3799C012BDC57F800B9AF12 /* Sources */ = {
			isa = PBXSourcesBuildPhase;
			buildActionMask = 2147483647;
			files = (
				F3799C0A2BDC57F800B9AF12 /* keptVocaTests.swift in Sources */,
			);
			runOnlyForDeploymentPostprocessing = 0;
		};
		F3799C0B2BDC57F800B9AF12 /* Sources */ = {
			isa = PBXSourcesBuildPhase;
			buildActionMask = 2147483647;
			files = (
				F3799C162BDC57F800B9AF12 /* keptVocaUITestsLaunchTests.swift in Sources */,
				F3799C142BDC57F800B9AF12 /* keptVocaUITests.swift in Sources */,
			);
			runOnlyForDeploymentPostprocessing = 0;
		};
/* End PBXSourcesBuildPhase section */

/* Begin PBXTargetDependency section */
		F3799C072BDC57F800B9AF12 /* PBXTargetDependency */ = {
			isa = PBXTargetDependency;
			target = F3799BF12BDC57F500B9AF12 /* keptVoca */;
			targetProxy = F3799C062BDC57F800B9AF12 /* PBXContainerItemProxy */;
		};
		F3799C112BDC57F800B9AF12 /* PBXTargetDependency */ = {
			isa = PBXTargetDependency;
			target = F3799BF12BDC57F500B9AF12 /* keptVoca */;
			targetProxy = F3799C102BDC57F800B9AF12 /* PBXContainerItemProxy */;
		};
/* End PBXTargetDependency section */

/* Begin XCBuildConfiguration section */
		F3799C172BDC57F800B9AF12 /* Debug */ = {
			isa = XCBuildConfiguration;
			buildSettings = {
				ALWAYS_SEARCH_USER_PATHS = NO;
				ASSETCATALOG_COMPILER_GENERATE_SWIFT_ASSET_SYMBOL_EXTENSIONS = YES;
				CLANG_ANALYZER_NONNULL = YES;
				CLANG_ANALYZER_NUMBER_OBJECT_CONVERSION = YES_AGGRESSIVE;
				CLANG_CXX_LANGUAGE_STANDARD = "gnu++20";
				CLANG_ENABLE_MODULES = YES;
				CLANG_ENABLE_OBJC_ARC = YES;
				CLANG_ENABLE_OBJC_WEAK = YES;
				CLANG_WARN_BLOCK_CAPTURE_AUTORELEASING = YES;
				CLANG_WARN_BOOL_CONVERSION = YES;
				CLANG_WARN_COMMA = YES;
				CLANG_WARN_CONSTANT_CONVERSION = YES;
				CLANG_WARN_DEPRECATED_OBJC_IMPLEMENTATIONS = YES;
				CLANG_WARN_DIRECT_OBJC_ISA_USAGE = YES_ERROR;
				CLANG_WARN_DOCUMENTATION_COMMENTS = YES;
				CLANG_WARN_EMPTY_BODY = YES;
				CLANG_WARN_ENUM_CONVERSION = YES;
				CLANG_WARN_INFINITE_RECURSION = YES;
				CLANG_WARN_INT_CONVERSION = YES;
				CLANG_WARN_NON_LITERAL_NULL_CONVERSION = YES;
				CLANG_WARN_OBJC_IMPLICIT_RETAIN_SELF = YES;
				CLANG_WARN_OBJC_LITERAL_CONVERSION = YES;
				CLANG_WARN_OBJC_ROOT_CLASS = YES_ERROR;
				CLANG_WARN_QUOTED_INCLUDE_IN_FRAMEWORK_HEADER = YES;
				CLANG_WARN_RANGE_LOOP_ANALYSIS = YES;
				CLANG_WARN_STRICT_PROTOTYPES = YES;
				CLANG_WARN_SUSPICIOUS_MOVE = YES;
				CLANG_WARN_UNGUARDED_AVAILABILITY = YES_AGGRESSIVE;
				CLANG_WARN_UNREACHABLE_CODE = YES;
				CLANG_WARN__DUPLICATE_METHOD_MATCH = YES;
				COPY_PHASE_STRIP = NO;
				DEBUG_INFORMATION_FORMAT = dwarf;
				ENABLE_STRICT_OBJC_MSGSEND = YES;
				ENABLE_TESTABILITY = YES;
				ENABLE_USER_SCRIPT_SANDBOXING = YES;
				GCC_C_LANGUAGE_STANDARD = gnu17;
				GCC_DYNAMIC_NO_PIC = NO;
				GCC_NO_COMMON_BLOCKS = YES;
				GCC_OPTIMIZATION_LEVEL = 0;
				GCC_PREPROCESSOR_DEFINITIONS = (
					"DEBUG=1",
					"$(inherited)",
				);
				GCC_WARN_64_TO_32_BIT_CONVERSION = YES;
				GCC_WARN_ABOUT_RETURN_TYPE = YES_ERROR;
				GCC_WARN_UNDECLARED_SELECTOR = YES;
				GCC_WARN_UNINITIALIZED_AUTOS = YES_AGGRESSIVE;
				GCC_WARN_UNUSED_FUNCTION = YES;
				GCC_WARN_UNUSED_VARIABLE = YES;
				LOCALIZATION_PREFERS_STRING_CATALOGS = YES;
				MTL_ENABLE_DEBUG_INFO = INCLUDE_SOURCE;
				MTL_FAST_MATH = YES;
				ONLY_ACTIVE_ARCH = YES;
				SWIFT_ACTIVE_COMPILATION_CONDITIONS = "DEBUG $(inherited)";
				SWIFT_OPTIMIZATION_LEVEL = "-Onone";
			};
			name = Debug;
		};
		F3799C182BDC57F800B9AF12 /* Release */ = {
			isa = XCBuildConfiguration;
			buildSettings = {
				ALWAYS_SEARCH_USER_PATHS = NO;
				ASSETCATALOG_COMPILER_GENERATE_SWIFT_ASSET_SYMBOL_EXTENSIONS = YES;
				CLANG_ANALYZER_NONNULL = YES;
				CLANG_ANALYZER_NUMBER_OBJECT_CONVERSION = YES_AGGRESSIVE;
				CLANG_CXX_LANGUAGE_STANDARD = "gnu++20";
				CLANG_ENABLE_MODULES = YES;
				CLANG_ENABLE_OBJC_ARC = YES;
				CLANG_ENABLE_OBJC_WEAK = YES;
				CLANG_WARN_BLOCK_CAPTURE_AUTORELEASING = YES;
				CLANG_WARN_BOOL_CONVERSION = YES;
				CLANG_WARN_COMMA = YES;
				CLANG_WARN_CONSTANT_CONVERSION = YES;
				CLANG_WARN_DEPRECATED_OBJC_IMPLEMENTATIONS = YES;
				CLANG_WARN_DIRECT_OBJC_ISA_USAGE = YES_ERROR;
				CLANG_WARN_DOCUMENTATION_COMMENTS = YES;
				CLANG_WARN_EMPTY_BODY = YES;
				CLANG_WARN_ENUM_CONVERSION = YES;
				CLANG_WARN_INFINITE_RECURSION = YES;
				CLANG_WARN_INT_CONVERSION = YES;
				CLANG_WARN_NON_LITERAL_NULL_CONVERSION = YES;
				CLANG_WARN_OBJC_IMPLICIT_RETAIN_SELF = YES;
				CLANG_WARN_OBJC_LITERAL_CONVERSION = YES;
				CLANG_WARN_OBJC_ROOT_CLASS = YES_ERROR;
				CLANG_WARN_QUOTED_INCLUDE_IN_FRAMEWORK_HEADER = YES;
				CLANG_WARN_RANGE_LOOP_ANALYSIS = YES;
				CLANG_WARN_STRICT_PROTOTYPES = YES;
				CLANG_WARN_SUSPICIOUS_MOVE = YES;
				CLANG_WARN_UNGUARDED_AVAILABILITY = YES_AGGRESSIVE;
				CLANG_WARN_UNREACHABLE_CODE = YES;
				CLANG_WARN__DUPLICATE_METHOD_MATCH = YES;
				COPY_PHASE_STRIP = NO;
				DEBUG_INFORMATION_FORMAT = "dwarf-with-dsym";
				ENABLE_NS_ASSERTIONS = NO;
				ENABLE_STRICT_OBJC_MSGSEND = YES;
				ENABLE_USER_SCRIPT_SANDBOXING = YES;
				GCC_C_LANGUAGE_STANDARD = gnu17;
				GCC_NO_COMMON_BLOCKS = YES;
				GCC_WARN_64_TO_32_BIT_CONVERSION = YES;
				GCC_WARN_ABOUT_RETURN_TYPE = YES_ERROR;
				GCC_WARN_UNDECLARED_SELECTOR = YES;
				GCC_WARN_UNINITIALIZED_AUTOS = YES_AGGRESSIVE;
				GCC_WARN_UNUSED_FUNCTION = YES;
				GCC_WARN_UNUSED_VARIABLE = YES;
				LOCALIZATION_PREFERS_STRING_CATALOGS = YES;
				MTL_ENABLE_DEBUG_INFO = NO;
				MTL_FAST_MATH = YES;
				SWIFT_COMPILATION_MODE = wholemodule;
			};
			name = Release;
		};
		F3799C1A2BDC57F800B9AF12 /* Debug */ = {
			isa = XCBuildConfiguration;
			buildSettings = {
				ASSETCATALOG_COMPILER_APPICON_NAME = AppIcon;
				ASSETCATALOG_COMPILER_GLOBAL_ACCENT_COLOR_NAME = AccentColor;
				CODE_SIGN_ENTITLEMENTS = keptVoca/keptVoca.entitlements;
				CODE_SIGN_STYLE = Automatic;
				CURRENT_PROJECT_VERSION = 1;
				DEVELOPMENT_ASSET_PATHS = "\"keptVoca/Preview Content\"";
				ENABLE_PREVIEWS = YES;
				GENERATE_INFOPLIST_FILE = YES;
				"INFOPLIST_KEY_UIApplicationSceneManifest_Generation[sdk=iphoneos*]" = YES;
				"INFOPLIST_KEY_UIApplicationSceneManifest_Generation[sdk=iphonesimulator*]" = YES;
				"INFOPLIST_KEY_UIApplicationSupportsIndirectInputEvents[sdk=iphoneos*]" = YES;
				"INFOPLIST_KEY_UIApplicationSupportsIndirectInputEvents[sdk=iphonesimulator*]" = YES;
				"INFOPLIST_KEY_UILaunchScreen_Generation[sdk=iphoneos*]" = YES;
				"INFOPLIST_KEY_UILaunchScreen_Generation[sdk=iphonesimulator*]" = YES;
				"INFOPLIST_KEY_UIStatusBarStyle[sdk=iphoneos*]" = UIStatusBarStyleDefault;
				"INFOPLIST_KEY_UIStatusBarStyle[sdk=iphonesimulator*]" = UIStatusBarStyleDefault;
				INFOPLIST_KEY_UISupportedInterfaceOrientations_iPad = "UIInterfaceOrientationPortrait UIInterfaceOrientationPortraitUpsideDown UIInterfaceOrientationLandscapeLeft UIInterfaceOrientationLandscapeRight";
				INFOPLIST_KEY_UISupportedInterfaceOrientations_iPhone = "UIInterfaceOrientationPortrait UIInterfaceOrientationLandscapeLeft UIInterfaceOrientationLandscapeRight";
				IPHONEOS_DEPLOYMENT_TARGET = 17.4;
				LD_RUNPATH_SEARCH_PATHS = "@executable_path/Frameworks";
				"LD_RUNPATH_SEARCH_PATHS[sdk=macosx*]" = "@executable_path/../Frameworks";
				MACOSX_DEPLOYMENT_TARGET = 14.0;
				MARKETING_VERSION = 1.0;
				PRODUCT_BUNDLE_IDENTIFIER = dev.keptVoca;
				PRODUCT_NAME = "$(TARGET_NAME)";
				SDKROOT = auto;
				SUPPORTED_PLATFORMS = "iphoneos iphonesimulator macosx";
				SWIFT_EMIT_LOC_STRINGS = YES;
				SWIFT_VERSION = 5.0;
				TARGETED_DEVICE_FAMILY = "1,2";
			};
			name = Debug;
		};
		F3799C1B2BDC57F800B9AF12 /* Release */ = {
			isa = XCBuildConfiguration;
			buildSettings = {
				ASSETCATALOG_COMPILER_APPICON_NAME = AppIcon;
				ASSETCATALOG_COMPILER_GLOBAL_ACCENT_COLOR_NAME = AccentColor;
				CODE_SIGN_ENTITLEMENTS = keptVoca/keptVoca.entitlements;
				CODE_SIGN_STYLE = Automatic;
				CURRENT_PROJECT_VERSION = 1;
				DEVELOPMENT_ASSET_PATHS = "\"keptVoca/Preview Content\"";
				ENABLE_PREVIEWS = YES;
				GENERATE_INFOPLIST_FILE = YES;
				"INFOPLIST_KEY_UIApplicationSceneManifest_Generation[sdk=iphoneos*]" = YES;
				"INFOPLIST_KEY_UIApplicationSceneManifest_Generation[sdk=iphonesimulator*]" = YES;
				"INFOPLIST_KEY_UIApplicationSupportsIndirectInputEvents[sdk=iphoneos*]" = YES;
				"INFOPLIST_KEY_UIApplicationSupportsIndirectInputEvents[sdk=iphonesimulator*]" = YES;
				"INFOPLIST_KEY_UILaunchScreen_Generation[sdk=iphoneos*]" = YES;
				"INFOPLIST_KEY_UILaunchScreen_Generation[sdk=iphonesimulator*]" = YES;
				"INFOPLIST_KEY_UIStatusBarStyle[sdk=iphoneos*]" = UIStatusBarStyleDefault;
				"INFOPLIST_KEY_UIStatusBarStyle[sdk=iphonesimulator*]" = UIStatusBarStyleDefault;
				INFOPLIST_KEY_UISupportedInterfaceOrientations_iPad = "UIInterfaceOrientationPortrait UIInterfaceOrientationPortraitUpsideDown UIInterfaceOrientationLandscapeLeft UIInterfaceOrientationLandscapeRight";
				INFOPLIST_KEY_UISupportedInterfaceOrientations_iPhone = "UIInterfaceOrientationPortrait UIInterfaceOrientationLandscapeLeft UIInterfaceOrientationLandscapeRight";
				IPHONEOS_DEPLOYMENT_TARGET = 17.4;
				LD_RUNPATH_SEARCH_PATHS = "@executable_path/Frameworks";
				"LD_RUNPATH_SEARCH_PATHS[sdk=macosx*]" = "@executable_path/../Frameworks";
				MACOSX_DEPLOYMENT_TARGET = 14.0;
				MARKETING_VERSION = 1.0;
				PRODUCT_BUNDLE_IDENTIFIER = dev.keptVoca;
				PRODUCT_NAME = "$(TARGET_NAME)";
				SDKROOT = auto;
				SUPPORTED_PLATFORMS = "iphoneos iphonesimulator macosx";
				SWIFT_EMIT_LOC_STRINGS = YES;
				SWIFT_VERSION = 5.0;
				TARGETED_DEVICE_FAMILY = "1,2";
			};
			name = Release;
		};
		F3799C1D2BDC57F800B9AF12 /* Debug */ = {
			isa = XCBuildConfiguration;
			buildSettings = {
				ALWAYS_EMBED_SWIFT_STANDARD_LIBRARIES = YES;
				BUNDLE_LOADER = "$(TEST_HOST)";
				CODE_SIGN_STYLE = Automatic;
				CURRENT_PROJECT_VERSION = 1;
				GENERATE_INFOPLIST_FILE = YES;
				IPHONEOS_DEPLOYMENT_TARGET = 17.4;
				MACOSX_DEPLOYMENT_TARGET = 14.4;
				MARKETING_VERSION = 1.0;
				PRODUCT_BUNDLE_IDENTIFIER = dev.keptVocaTests;
				PRODUCT_NAME = "$(TARGET_NAME)";
				SDKROOT = auto;
				SUPPORTED_PLATFORMS = "iphoneos iphonesimulator macosx";
				SWIFT_EMIT_LOC_STRINGS = NO;
				SWIFT_VERSION = 5.0;
				TARGETED_DEVICE_FAMILY = "1,2";
				TEST_HOST = "$(BUILT_PRODUCTS_DIR)/keptVoca.app/$(BUNDLE_EXECUTABLE_FOLDER_PATH)/keptVoca";
			};
			name = Debug;
		};
		F3799C1E2BDC57F800B9AF12 /* Release */ = {
			isa = XCBuildConfiguration;
			buildSettings = {
				ALWAYS_EMBED_SWIFT_STANDARD_LIBRARIES = YES;
				BUNDLE_LOADER = "$(TEST_HOST)";
				CODE_SIGN_STYLE = Automatic;
				CURRENT_PROJECT_VERSION = 1;
				GENERATE_INFOPLIST_FILE = YES;
				IPHONEOS_DEPLOYMENT_TARGET = 17.4;
				MACOSX_DEPLOYMENT_TARGET = 14.4;
				MARKETING_VERSION = 1.0;
				PRODUCT_BUNDLE_IDENTIFIER = dev.keptVocaTests;
				PRODUCT_NAME = "$(TARGET_NAME)";
				SDKROOT = auto;
				SUPPORTED_PLATFORMS = "iphoneos iphonesimulator macosx";
				SWIFT_EMIT_LOC_STRINGS = NO;
				SWIFT_VERSION = 5.0;
				TARGETED_DEVICE_FAMILY = "1,2";
				TEST_HOST = "$(BUILT_PRODUCTS_DIR)/keptVoca.app/$(BUNDLE_EXECUTABLE_FOLDER_PATH)/keptVoca";
			};
			name = Release;
		};
		F3799C202BDC57F800B9AF12 /* Debug */ = {
			isa = XCBuildConfiguration;
			buildSettings = {
				ALWAYS_EMBED_SWIFT_STANDARD_LIBRARIES = YES;
				CODE_SIGN_STYLE = Automatic;
				CURRENT_PROJECT_VERSION = 1;
				GENERATE_INFOPLIST_FILE = YES;
				IPHONEOS_DEPLOYMENT_TARGET = 17.4;
				MACOSX_DEPLOYMENT_TARGET = 14.4;
				MARKETING_VERSION = 1.0;
				PRODUCT_BUNDLE_IDENTIFIER = dev.keptVocaUITests;
				PRODUCT_NAME = "$(TARGET_NAME)";
				SDKROOT = auto;
				SUPPORTED_PLATFORMS = "iphoneos iphonesimulator macosx";
				SWIFT_EMIT_LOC_STRINGS = NO;
				SWIFT_VERSION = 5.0;
				TARGETED_DEVICE_FAMILY = "1,2";
				TEST_TARGET_NAME = keptVoca;
			};
			name = Debug;
		};
		F3799C212BDC57F800B9AF12 /* Release */ = {
			isa = XCBuildConfiguration;
			buildSettings = {
				ALWAYS_EMBED_SWIFT_STANDARD_LIBRARIES = YES;
				CODE_SIGN_STYLE = Automatic;
				CURRENT_PROJECT_VERSION = 1;
				GENERATE_INFOPLIST_FILE = YES;
				IPHONEOS_DEPLOYMENT_TARGET = 17.4;
				MACOSX_DEPLOYMENT_TARGET = 14.4;
				MARKETING_VERSION = 1.0;
				PRODUCT_BUNDLE_IDENTIFIER = dev.keptVocaUITests;
				PRODUCT_NAME = "$(TARGET_NAME)";
				SDKROOT = auto;
				SUPPORTED_PLATFORMS = "iphoneos iphonesimulator macosx";
				SWIFT_EMIT_LOC_STRINGS = NO;
				SWIFT_VERSION = 5.0;
				TARGETED_DEVICE_FAMILY = "1,2";
				TEST_TARGET_NAME = keptVoca;
			};
			name = Release;
		};
/* End XCBuildConfiguration section */

/* Begin XCConfigurationList section */
		F3799BED2BDC57F500B9AF12 /* Build configuration list for PBXProject "keptVoca" */ = {
			isa = XCConfigurationList;
			buildConfigurations = (
				F3799C172BDC57F800B9AF12 /* Debug */,
				F3799C182BDC57F800B9AF12 /* Release */,
			);
			defaultConfigurationIsVisible = 0;
			defaultConfigurationName = Release;
		};
		F3799C192BDC57F800B9AF12 /* Build configuration list for PBXNativeTarget "keptVoca" */ = {
			isa = XCConfigurationList;
			buildConfigurations = (
				F3799C1A2BDC57F800B9AF12 /* Debug */,
				F3799C1B2BDC57F800B9AF12 /* Release */,
			);
			defaultConfigurationIsVisible = 0;
			defaultConfigurationName = Release;
		};
		F3799C1C2BDC57F800B9AF12 /* Build configuration list for PBXNativeTarget "keptVocaTests" */ = {
			isa = XCConfigurationList;
			buildConfigurations = (
				F3799C1D2BDC57F800B9AF12 /* Debug */,
				F3799C1E2BDC57F800B9AF12 /* Release */,
			);
			defaultConfigurationIsVisible = 0;
			defaultConfigurationName = Release;
		};
		F3799C1F2BDC57F800B9AF12 /* Build configuration list for PBXNativeTarget "keptVocaUITests" */ = {
			isa = XCConfigurationList;
			buildConfigurations = (
				F3799C202BDC57F800B9AF12 /* Debug */,
				F3799C212BDC57F800B9AF12 /* Release */,
			);
			defaultConfigurationIsVisible = 0;
			defaultConfigurationName = Release;
		};
/* End XCConfigurationList section */
	};
	rootObject = F3799BEA2BDC57F500B9AF12 /* Project object */;
}
